// !$*UTF8*$!
{
	archiveVersion = 1;
	classes = {
	};
	objectVersion = 51;
	objects = {

/* Begin PBXBuildFile section */
		CD02D954230E2DFB00B468AF /* AppDelegate.m in Sources */ = {isa = PBXBuildFile; fileRef = CD02D953230E2DFB00B468AF /* AppDelegate.m */; };
		CD02D957230E2DFB00B468AF /* ViewController.m in Sources */ = {isa = PBXBuildFile; fileRef = CD02D956230E2DFB00B468AF /* ViewController.m */; };
		CD02D95A230E2DFB00B468AF /* Main.storyboard in Resources */ = {isa = PBXBuildFile; fileRef = CD02D958230E2DFB00B468AF /* Main.storyboard */; };
		CD02D95C230E2DFD00B468AF /* Assets.xcassets in Resources */ = {isa = PBXBuildFile; fileRef = CD02D95B230E2DFD00B468AF /* Assets.xcassets */; };
		CD02D95F230E2DFD00B468AF /* LaunchScreen.storyboard in Resources */ = {isa = PBXBuildFile; fileRef = CD02D95D230E2DFD00B468AF /* LaunchScreen.storyboard */; };
		CD02D962230E2DFD00B468AF /* main.m in Sources */ = {isa = PBXBuildFile; fileRef = CD02D961230E2DFD00B468AF /* main.m */; };
		CD02D96B230E2F7300B468AF /* CommonReqTableView.m in Sources */ = {isa = PBXBuildFile; fileRef = CD02D96A230E2F7300B468AF /* CommonReqTableView.m */; };
		CD02D974230E307E00B468AF /* LoadingMoreTableFooter.m in Sources */ = {isa = PBXBuildFile; fileRef = CD02D973230E307E00B468AF /* LoadingMoreTableFooter.m */; };
		CD02D977230E330500B468AF /* NoMoreDataTableFooter.m in Sources */ = {isa = PBXBuildFile; fileRef = CD02D976230E330500B468AF /* NoMoreDataTableFooter.m */; };
		CD02D97E230E37EC00B468AF /* ReqPageDataTableContentView.m in Sources */ = {isa = PBXBuildFile; fileRef = CD02D97D230E37EC00B468AF /* ReqPageDataTableContentView.m */; };
		CD02D983230E3A4C00B468AF /* NoDataView.m in Sources */ = {isa = PBXBuildFile; fileRef = CD02D982230E3A4C00B468AF /* NoDataView.m */; };
		CD02D9AD230E3C6500B468AF /* RequestDataHandler.m in Sources */ = {isa = PBXBuildFile; fileRef = CD02D9AA230E3C6500B468AF /* RequestDataHandler.m */; };
		CD02D9AE230E3C6500B468AF /* PageDataReqModel.m in Sources */ = {isa = PBXBuildFile; fileRef = CD02D9AB230E3C6500B468AF /* PageDataReqModel.m */; };
		CD02D9B2230E482200B468AF /* UITableView+Register.m in Sources */ = {isa = PBXBuildFile; fileRef = CD02D9B1230E482200B468AF /* UITableView+Register.m */; };
		CD02D9B5230E6D8C00B468AF /* TestListView.m in Sources */ = {isa = PBXBuildFile; fileRef = CD02D9B4230E6D8C00B468AF /* TestListView.m */; };
		CD02D9B8230E90FC00B468AF /* CommonReqCollectionView.m in Sources */ = {isa = PBXBuildFile; fileRef = CD02D9B7230E90FC00B468AF /* CommonReqCollectionView.m */; };
		CD02D9BB230E911500B468AF /* ReqPageDataCollectionContnetnView.m in Sources */ = {isa = PBXBuildFile; fileRef = CD02D9BA230E911500B468AF /* ReqPageDataCollectionContnetnView.m */; };
		CD02D9BE230E94B600B468AF /* LoadingMoreCollectionFooter.m in Sources */ = {isa = PBXBuildFile; fileRef = CD02D9BD230E94B600B468AF /* LoadingMoreCollectionFooter.m */; };
		CD02D9C1230E94CF00B468AF /* NoMoreDataCollectionFooter.m in Sources */ = {isa = PBXBuildFile; fileRef = CD02D9C0230E94CF00B468AF /* NoMoreDataCollectionFooter.m */; };
		CD02D9C4230E961900B468AF /* UICollectionView+Register.m in Sources */ = {isa = PBXBuildFile; fileRef = CD02D9C3230E961900B468AF /* UICollectionView+Register.m */; };
		CD158B1D230F7FDF001D6AE1 /* TestCollectionView.m in Sources */ = {isa = PBXBuildFile; fileRef = CD158B1C230F7FDF001D6AE1 /* TestCollectionView.m */; };
		E1FF0566A4B10549D2A5541C /* Pods_ZPFRequestKit.framework in Frameworks */ = {isa = PBXBuildFile; fileRef = 73D13FA16E9040AC625211C3 /* Pods_ZPFRequestKit.framework */; };
/* End PBXBuildFile section */

/* Begin PBXFileReference section */
		06B09184A02257D0907C2700 /* Pods-ZPFRequestKit.debug.xcconfig */ = {isa = PBXFileReference; includeInIndex = 1; lastKnownFileType = text.xcconfig; name = "Pods-ZPFRequestKit.debug.xcconfig"; path = "Target Support Files/Pods-ZPFRequestKit/Pods-ZPFRequestKit.debug.xcconfig"; sourceTree = "<group>"; };
		73D13FA16E9040AC625211C3 /* Pods_ZPFRequestKit.framework */ = {isa = PBXFileReference; explicitFileType = wrapper.framework; includeInIndex = 0; path = Pods_ZPFRequestKit.framework; sourceTree = BUILT_PRODUCTS_DIR; };
		B3758D7545B05296933C91F5 /* Pods-ZPFRequestKit.release.xcconfig */ = {isa = PBXFileReference; includeInIndex = 1; lastKnownFileType = text.xcconfig; name = "Pods-ZPFRequestKit.release.xcconfig"; path = "Target Support Files/Pods-ZPFRequestKit/Pods-ZPFRequestKit.release.xcconfig"; sourceTree = "<group>"; };
		CD02D94F230E2DFB00B468AF /* ZPFRequestKit.app */ = {isa = PBXFileReference; explicitFileType = wrapper.application; includeInIndex = 0; path = ZPFRequestKit.app; sourceTree = BUILT_PRODUCTS_DIR; };
		CD02D952230E2DFB00B468AF /* AppDelegate.h */ = {isa = PBXFileReference; lastKnownFileType = sourcecode.c.h; path = AppDelegate.h; sourceTree = "<group>"; };
		CD02D953230E2DFB00B468AF /* AppDelegate.m */ = {isa = PBXFileReference; lastKnownFileType = sourcecode.c.objc; path = AppDelegate.m; sourceTree = "<group>"; };
		CD02D955230E2DFB00B468AF /* ViewController.h */ = {isa = PBXFileReference; lastKnownFileType = sourcecode.c.h; path = ViewController.h; sourceTree = "<group>"; };
		CD02D956230E2DFB00B468AF /* ViewController.m */ = {isa = PBXFileReference; lastKnownFileType = sourcecode.c.objc; path = ViewController.m; sourceTree = "<group>"; };
		CD02D959230E2DFB00B468AF /* Base */ = {isa = PBXFileReference; lastKnownFileType = file.storyboard; name = Base; path = Base.lproj/Main.storyboard; sourceTree = "<group>"; };
		CD02D95B230E2DFD00B468AF /* Assets.xcassets */ = {isa = PBXFileReference; lastKnownFileType = folder.assetcatalog; path = Assets.xcassets; sourceTree = "<group>"; };
		CD02D95E230E2DFD00B468AF /* Base */ = {isa = PBXFileReference; lastKnownFileType = file.storyboard; name = Base; path = Base.lproj/LaunchScreen.storyboard; sourceTree = "<group>"; };
		CD02D960230E2DFD00B468AF /* Info.plist */ = {isa = PBXFileReference; lastKnownFileType = text.plist.xml; path = Info.plist; sourceTree = "<group>"; };
		CD02D961230E2DFD00B468AF /* main.m */ = {isa = PBXFileReference; lastKnownFileType = sourcecode.c.objc; path = main.m; sourceTree = "<group>"; };
		CD02D969230E2F7300B468AF /* CommonReqTableView.h */ = {isa = PBXFileReference; lastKnownFileType = sourcecode.c.h; path = CommonReqTableView.h; sourceTree = "<group>"; };
		CD02D96A230E2F7300B468AF /* CommonReqTableView.m */ = {isa = PBXFileReference; lastKnownFileType = sourcecode.c.objc; path = CommonReqTableView.m; sourceTree = "<group>"; };
		CD02D972230E307E00B468AF /* LoadingMoreTableFooter.h */ = {isa = PBXFileReference; fileEncoding = 4; lastKnownFileType = sourcecode.c.h; path = LoadingMoreTableFooter.h; sourceTree = "<group>"; };
		CD02D973230E307E00B468AF /* LoadingMoreTableFooter.m */ = {isa = PBXFileReference; fileEncoding = 4; lastKnownFileType = sourcecode.c.objc; path = LoadingMoreTableFooter.m; sourceTree = "<group>"; };
		CD02D975230E330500B468AF /* NoMoreDataTableFooter.h */ = {isa = PBXFileReference; lastKnownFileType = sourcecode.c.h; path = NoMoreDataTableFooter.h; sourceTree = "<group>"; };
		CD02D976230E330500B468AF /* NoMoreDataTableFooter.m */ = {isa = PBXFileReference; lastKnownFileType = sourcecode.c.objc; path = NoMoreDataTableFooter.m; sourceTree = "<group>"; };
		CD02D979230E35A100B468AF /* RequestCellDelegates.h */ = {isa = PBXFileReference; lastKnownFileType = sourcecode.c.h; path = RequestCellDelegates.h; sourceTree = "<group>"; };
		CD02D97C230E37EC00B468AF /* ReqPageDataTableContentView.h */ = {isa = PBXFileReference; lastKnownFileType = sourcecode.c.h; path = ReqPageDataTableContentView.h; sourceTree = "<group>"; };
		CD02D97D230E37EC00B468AF /* ReqPageDataTableContentView.m */ = {isa = PBXFileReference; lastKnownFileType = sourcecode.c.objc; path = ReqPageDataTableContentView.m; sourceTree = "<group>"; };
		CD02D981230E3A4C00B468AF /* NoDataView.h */ = {isa = PBXFileReference; lastKnownFileType = sourcecode.c.h; path = NoDataView.h; sourceTree = "<group>"; };
		CD02D982230E3A4C00B468AF /* NoDataView.m */ = {isa = PBXFileReference; lastKnownFileType = sourcecode.c.objc; path = NoDataView.m; sourceTree = "<group>"; };
		CD02D9A9230E3C6500B468AF /* PageDataReqModel.h */ = {isa = PBXFileReference; fileEncoding = 4; lastKnownFileType = sourcecode.c.h; path = PageDataReqModel.h; sourceTree = "<group>"; };
		CD02D9AA230E3C6500B468AF /* RequestDataHandler.m */ = {isa = PBXFileReference; fileEncoding = 4; lastKnownFileType = sourcecode.c.objc; path = RequestDataHandler.m; sourceTree = "<group>"; };
		CD02D9AB230E3C6500B468AF /* PageDataReqModel.m */ = {isa = PBXFileReference; fileEncoding = 4; lastKnownFileType = sourcecode.c.objc; path = PageDataReqModel.m; sourceTree = "<group>"; };
		CD02D9AC230E3C6500B468AF /* RequestDataHandler.h */ = {isa = PBXFileReference; fileEncoding = 4; lastKnownFileType = sourcecode.c.h; path = RequestDataHandler.h; sourceTree = "<group>"; };
		CD02D9B0230E482200B468AF /* UITableView+Register.h */ = {isa = PBXFileReference; lastKnownFileType = sourcecode.c.h; path = "UITableView+Register.h"; sourceTree = "<group>"; };
		CD02D9B1230E482200B468AF /* UITableView+Register.m */ = {isa = PBXFileReference; lastKnownFileType = sourcecode.c.objc; path = "UITableView+Register.m"; sourceTree = "<group>"; };
		CD02D9B3230E6D8C00B468AF /* TestListView.h */ = {isa = PBXFileReference; lastKnownFileType = sourcecode.c.h; path = TestListView.h; sourceTree = "<group>"; };
		CD02D9B4230E6D8C00B468AF /* TestListView.m */ = {isa = PBXFileReference; lastKnownFileType = sourcecode.c.objc; path = TestListView.m; sourceTree = "<group>"; };
		CD02D9B6230E90FC00B468AF /* CommonReqCollectionView.h */ = {isa = PBXFileReference; lastKnownFileType = sourcecode.c.h; path = CommonReqCollectionView.h; sourceTree = "<group>"; };
		CD02D9B7230E90FC00B468AF /* CommonReqCollectionView.m */ = {isa = PBXFileReference; lastKnownFileType = sourcecode.c.objc; path = CommonReqCollectionView.m; sourceTree = "<group>"; };
		CD02D9B9230E911500B468AF /* ReqPageDataCollectionContnetnView.h */ = {isa = PBXFileReference; lastKnownFileType = sourcecode.c.h; path = ReqPageDataCollectionContnetnView.h; sourceTree = "<group>"; };
		CD02D9BA230E911500B468AF /* ReqPageDataCollectionContnetnView.m */ = {isa = PBXFileReference; lastKnownFileType = sourcecode.c.objc; path = ReqPageDataCollectionContnetnView.m; sourceTree = "<group>"; };
		CD02D9BC230E94B600B468AF /* LoadingMoreCollectionFooter.h */ = {isa = PBXFileReference; lastKnownFileType = sourcecode.c.h; path = LoadingMoreCollectionFooter.h; sourceTree = "<group>"; };
		CD02D9BD230E94B600B468AF /* LoadingMoreCollectionFooter.m */ = {isa = PBXFileReference; lastKnownFileType = sourcecode.c.objc; path = LoadingMoreCollectionFooter.m; sourceTree = "<group>"; };
		CD02D9BF230E94CF00B468AF /* NoMoreDataCollectionFooter.h */ = {isa = PBXFileReference; lastKnownFileType = sourcecode.c.h; path = NoMoreDataCollectionFooter.h; sourceTree = "<group>"; };
		CD02D9C0230E94CF00B468AF /* NoMoreDataCollectionFooter.m */ = {isa = PBXFileReference; lastKnownFileType = sourcecode.c.objc; path = NoMoreDataCollectionFooter.m; sourceTree = "<group>"; };
		CD02D9C2230E961900B468AF /* UICollectionView+Register.h */ = {isa = PBXFileReference; lastKnownFileType = sourcecode.c.h; path = "UICollectionView+Register.h"; sourceTree = "<group>"; };
		CD02D9C3230E961900B468AF /* UICollectionView+Register.m */ = {isa = PBXFileReference; lastKnownFileType = sourcecode.c.objc; path = "UICollectionView+Register.m"; sourceTree = "<group>"; };
		CD158B1B230F7FDF001D6AE1 /* TestCollectionView.h */ = {isa = PBXFileReference; lastKnownFileType = sourcecode.c.h; path = TestCollectionView.h; sourceTree = "<group>"; };
		CD158B1C230F7FDF001D6AE1 /* TestCollectionView.m */ = {isa = PBXFileReference; lastKnownFileType = sourcecode.c.objc; path = TestCollectionView.m; sourceTree = "<group>"; };
/* End PBXFileReference section */

/* Begin PBXFrameworksBuildPhase section */
		CD02D94C230E2DFB00B468AF /* Frameworks */ = {
			isa = PBXFrameworksBuildPhase;
			buildActionMask = 2147483647;
			files = (
				E1FF0566A4B10549D2A5541C /* Pods_ZPFRequestKit.framework in Frameworks */,
			);
			runOnlyForDeploymentPostprocessing = 0;
		};
/* End PBXFrameworksBuildPhase section */

/* Begin PBXGroup section */
		327400D842EFEE8900DCBF18 /* Pods */ = {
			isa = PBXGroup;
			children = (
				06B09184A02257D0907C2700 /* Pods-ZPFRequestKit.debug.xcconfig */,
				B3758D7545B05296933C91F5 /* Pods-ZPFRequestKit.release.xcconfig */,
			);
			path = Pods;
			sourceTree = "<group>";
		};
		9357138D1BAD01B6713007F5 /* Frameworks */ = {
			isa = PBXGroup;
			children = (
				73D13FA16E9040AC625211C3 /* Pods_ZPFRequestKit.framework */,
			);
			name = Frameworks;
			sourceTree = "<group>";
		};
		CD02D946230E2DFB00B468AF = {
			isa = PBXGroup;
			children = (
				CD02D951230E2DFB00B468AF /* ZPFRequestKit */,
				CD02D950230E2DFB00B468AF /* Products */,
				327400D842EFEE8900DCBF18 /* Pods */,
				9357138D1BAD01B6713007F5 /* Frameworks */,
			);
			sourceTree = "<group>";
		};
		CD02D950230E2DFB00B468AF /* Products */ = {
			isa = PBXGroup;
			children = (
				CD02D94F230E2DFB00B468AF /* ZPFRequestKit.app */,
			);
			name = Products;
			sourceTree = "<group>";
		};
		CD02D951230E2DFB00B468AF /* ZPFRequestKit */ = {
			isa = PBXGroup;
			children = (
				CD02D968230E2E2D00B468AF /* Classes */,
				CD02D952230E2DFB00B468AF /* AppDelegate.h */,
				CD02D953230E2DFB00B468AF /* AppDelegate.m */,
				CD02D955230E2DFB00B468AF /* ViewController.h */,
				CD02D956230E2DFB00B468AF /* ViewController.m */,
				CD02D9B3230E6D8C00B468AF /* TestListView.h */,
				CD02D9B4230E6D8C00B468AF /* TestListView.m */,
				CD158B1B230F7FDF001D6AE1 /* TestCollectionView.h */,
				CD158B1C230F7FDF001D6AE1 /* TestCollectionView.m */,
				CD02D958230E2DFB00B468AF /* Main.storyboard */,
				CD02D95B230E2DFD00B468AF /* Assets.xcassets */,
				CD02D95D230E2DFD00B468AF /* LaunchScreen.storyboard */,
				CD02D960230E2DFD00B468AF /* Info.plist */,
				CD02D961230E2DFD00B468AF /* main.m */,
			);
			path = ZPFRequestKit;
			sourceTree = "<group>";
		};
		CD02D968230E2E2D00B468AF /* Classes */ = {
			isa = PBXGroup;
			children = (
				CD02D9AF230E481600B468AF /* Category */,
				CD02D984230E3B9B00B468AF /* NetWorking */,
				CD02D978230E354B00B468AF /* Protocles */,
				CD02D96C230E2F9400B468AF /* Cells */,
				CD02D96D230E2F9400B468AF /* Models */,
				CD02D96E230E2F9400B468AF /* Views */,
			);
			path = Classes;
			sourceTree = "<group>";
		};
		CD02D96C230E2F9400B468AF /* Cells */ = {
			isa = PBXGroup;
			children = (
				CD02D981230E3A4C00B468AF /* NoDataView.h */,
				CD02D982230E3A4C00B468AF /* NoDataView.m */,
				CD02D97F230E39A300B468AF /* CollectionView */,
				CD02D980230E39A400B468AF /* TableView */,
			);
			path = Cells;
			sourceTree = "<group>";
		};
		CD02D96D230E2F9400B468AF /* Models */ = {
			isa = PBXGroup;
			children = (
			);
			path = Models;
			sourceTree = "<group>";
		};
		CD02D96E230E2F9400B468AF /* Views */ = {
			isa = PBXGroup;
			children = (
				CD02D97A230E376F00B468AF /* CollectionView */,
				CD02D97B230E376F00B468AF /* TableView */,
			);
			path = Views;
			sourceTree = "<group>";
		};
		CD02D978230E354B00B468AF /* Protocles */ = {
			isa = PBXGroup;
			children = (
				CD02D979230E35A100B468AF /* RequestCellDelegates.h */,
			);
			path = Protocles;
			sourceTree = "<group>";
		};
		CD02D97A230E376F00B468AF /* CollectionView */ = {
			isa = PBXGroup;
			children = (
				CD02D9B6230E90FC00B468AF /* CommonReqCollectionView.h */,
				CD02D9B7230E90FC00B468AF /* CommonReqCollectionView.m */,
				CD02D9B9230E911500B468AF /* ReqPageDataCollectionContnetnView.h */,
				CD02D9BA230E911500B468AF /* ReqPageDataCollectionContnetnView.m */,
			);
			path = CollectionView;
			sourceTree = "<group>";
		};
		CD02D97B230E376F00B468AF /* TableView */ = {
			isa = PBXGroup;
			children = (
				CD02D969230E2F7300B468AF /* CommonReqTableView.h */,
				CD02D96A230E2F7300B468AF /* CommonReqTableView.m */,
				CD02D97C230E37EC00B468AF /* ReqPageDataTableContentView.h */,
				CD02D97D230E37EC00B468AF /* ReqPageDataTableContentView.m */,
			);
			path = TableView;
			sourceTree = "<group>";
		};
		CD02D97F230E39A300B468AF /* CollectionView */ = {
			isa = PBXGroup;
			children = (
				CD02D9BC230E94B600B468AF /* LoadingMoreCollectionFooter.h */,
				CD02D9BD230E94B600B468AF /* LoadingMoreCollectionFooter.m */,
				CD02D9BF230E94CF00B468AF /* NoMoreDataCollectionFooter.h */,
				CD02D9C0230E94CF00B468AF /* NoMoreDataCollectionFooter.m */,
			);
			path = CollectionView;
			sourceTree = "<group>";
		};
		CD02D980230E39A400B468AF /* TableView */ = {
			isa = PBXGroup;
			children = (
				CD02D972230E307E00B468AF /* LoadingMoreTableFooter.h */,
				CD02D973230E307E00B468AF /* LoadingMoreTableFooter.m */,
				CD02D975230E330500B468AF /* NoMoreDataTableFooter.h */,
				CD02D976230E330500B468AF /* NoMoreDataTableFooter.m */,
			);
			path = TableView;
			sourceTree = "<group>";
		};
		CD02D984230E3B9B00B468AF /* NetWorking */ = {
			isa = PBXGroup;
			children = (
				CD02D9A9230E3C6500B468AF /* PageDataReqModel.h */,
				CD02D9AB230E3C6500B468AF /* PageDataReqModel.m */,
				CD02D9AC230E3C6500B468AF /* RequestDataHandler.h */,
				CD02D9AA230E3C6500B468AF /* RequestDataHandler.m */,
			);
			path = NetWorking;
			sourceTree = "<group>";
		};
		CD02D9AF230E481600B468AF /* Category */ = {
			isa = PBXGroup;
			children = (
				CD02D9B0230E482200B468AF /* UITableView+Register.h */,
				CD02D9B1230E482200B468AF /* UITableView+Register.m */,
				CD02D9C2230E961900B468AF /* UICollectionView+Register.h */,
				CD02D9C3230E961900B468AF /* UICollectionView+Register.m */,
			);
			path = Category;
			sourceTree = "<group>";
		};
/* End PBXGroup section */

/* Begin PBXNativeTarget section */
		CD02D94E230E2DFB00B468AF /* ZPFRequestKit */ = {
			isa = PBXNativeTarget;
			buildConfigurationList = CD02D965230E2DFD00B468AF /* Build configuration list for PBXNativeTarget "ZPFRequestKit" */;
			buildPhases = (
				1A8C4655D524E42B48366152 /* [CP] Check Pods Manifest.lock */,
				CD02D94B230E2DFB00B468AF /* Sources */,
				CD02D94C230E2DFB00B468AF /* Frameworks */,
				CD02D94D230E2DFB00B468AF /* Resources */,
				6DD683F144129A23088C36F8 /* [CP] Embed Pods Frameworks */,
			);
			buildRules = (
			);
			dependencies = (
			);
			name = ZPFRequestKit;
			productName = ZPFRequestKit;
			productReference = CD02D94F230E2DFB00B468AF /* ZPFRequestKit.app */;
			productType = "com.apple.product-type.application";
		};
/* End PBXNativeTarget section */

/* Begin PBXProject section */
		CD02D947230E2DFB00B468AF /* Project object */ = {
			isa = PBXProject;
			attributes = {
				LastUpgradeCheck = 1020;
				ORGANIZATIONNAME = fcar;
				TargetAttributes = {
					CD02D94E230E2DFB00B468AF = {
						CreatedOnToolsVersion = 10.2.1;
					};
				};
			};
			buildConfigurationList = CD02D94A230E2DFB00B468AF /* Build configuration list for PBXProject "ZPFRequestKit" */;
			compatibilityVersion = "Xcode 9.3";
			developmentRegion = en;
			hasScannedForEncodings = 0;
			knownRegions = (
				en,
				Base,
			);
			mainGroup = CD02D946230E2DFB00B468AF;
			productRefGroup = CD02D950230E2DFB00B468AF /* Products */;
			projectDirPath = "";
			projectRoot = "";
			targets = (
				CD02D94E230E2DFB00B468AF /* ZPFRequestKit */,
			);
		};
/* End PBXProject section */

/* Begin PBXResourcesBuildPhase section */
		CD02D94D230E2DFB00B468AF /* Resources */ = {
			isa = PBXResourcesBuildPhase;
			buildActionMask = 2147483647;
			files = (
				CD02D95F230E2DFD00B468AF /* LaunchScreen.storyboard in Resources */,
				CD02D95C230E2DFD00B468AF /* Assets.xcassets in Resources */,
				CD02D95A230E2DFB00B468AF /* Main.storyboard in Resources */,
			);
			runOnlyForDeploymentPostprocessing = 0;
		};
/* End PBXResourcesBuildPhase section */

/* Begin PBXShellScriptBuildPhase section */
		1A8C4655D524E42B48366152 /* [CP] Check Pods Manifest.lock */ = {
			isa = PBXShellScriptBuildPhase;
			buildActionMask = 2147483647;
			files = (
			);
			inputFileListPaths = (
			);
			inputPaths = (
				"${PODS_PODFILE_DIR_PATH}/Podfile.lock",
				"${PODS_ROOT}/Manifest.lock",
			);
			name = "[CP] Check Pods Manifest.lock";
			outputFileListPaths = (
			);
			outputPaths = (
				"$(DERIVED_FILE_DIR)/Pods-ZPFRequestKit-checkManifestLockResult.txt",
			);
			runOnlyForDeploymentPostprocessing = 0;
			shellPath = /bin/sh;
			shellScript = "diff \"${PODS_PODFILE_DIR_PATH}/Podfile.lock\" \"${PODS_ROOT}/Manifest.lock\" > /dev/null\nif [ $? != 0 ] ; then\n    # print error to STDERR\n    echo \"error: The sandbox is not in sync with the Podfile.lock. Run 'pod install' or update your CocoaPods installation.\" >&2\n    exit 1\nfi\n# This output is used by Xcode 'outputs' to avoid re-running this script phase.\necho \"SUCCESS\" > \"${SCRIPT_OUTPUT_FILE_0}\"\n";
			showEnvVarsInLog = 0;
		};
		6DD683F144129A23088C36F8 /* [CP] Embed Pods Frameworks */ = {
			isa = PBXShellScriptBuildPhase;
			buildActionMask = 2147483647;
			files = (
			);
			inputFileListPaths = (
				"${PODS_ROOT}/Target Support Files/Pods-ZPFRequestKit/Pods-ZPFRequestKit-frameworks-${CONFIGURATION}-input-files.xcfilelist",
			);
			name = "[CP] Embed Pods Frameworks";
			outputFileListPaths = (
				"${PODS_ROOT}/Target Support Files/Pods-ZPFRequestKit/Pods-ZPFRequestKit-frameworks-${CONFIGURATION}-output-files.xcfilelist",
			);
			runOnlyForDeploymentPostprocessing = 0;
			shellPath = /bin/sh;
			shellScript = "\"${PODS_ROOT}/Target Support Files/Pods-ZPFRequestKit/Pods-ZPFRequestKit-frameworks.sh\"\n";
			showEnvVarsInLog = 0;
		};
/* End PBXShellScriptBuildPhase section */

/* Begin PBXSourcesBuildPhase section */
		CD02D94B230E2DFB00B468AF /* Sources */ = {
			isa = PBXSourcesBuildPhase;
			buildActionMask = 2147483647;
			files = (
				CD02D957230E2DFB00B468AF /* ViewController.m in Sources */,
				CD02D9B8230E90FC00B468AF /* CommonReqCollectionView.m in Sources */,
				CD02D983230E3A4C00B468AF /* NoDataView.m in Sources */,
				CD02D977230E330500B468AF /* NoMoreDataTableFooter.m in Sources */,
				CD02D962230E2DFD00B468AF /* main.m in Sources */,
				CD02D9B2230E482200B468AF /* UITableView+Register.m in Sources */,
				CD02D9AD230E3C6500B468AF /* RequestDataHandler.m in Sources */,
				CD02D954230E2DFB00B468AF /* AppDelegate.m in Sources */,
				CD02D97E230E37EC00B468AF /* ReqPageDataTableContentView.m in Sources */,
				CD02D9BB230E911500B468AF /* ReqPageDataCollectionContnetnView.m in Sources */,
				CD158B1D230F7FDF001D6AE1 /* TestCollectionView.m in Sources */,
				CD02D9B5230E6D8C00B468AF /* TestListView.m in Sources */,
				CD02D974230E307E00B468AF /* LoadingMoreTableFooter.m in Sources */,
				CD02D9C1230E94CF00B468AF /* NoMoreDataCollectionFooter.m in Sources */,
				CD02D96B230E2F7300B468AF /* CommonReqTableView.m in Sources */,
				CD02D9C4230E961900B468AF /* UICollectionView+Register.m in Sources */,
				CD02D9AE230E3C6500B468AF /* PageDataReqModel.m in Sources */,
				CD02D9BE230E94B600B468AF /* LoadingMoreCollectionFooter.m in Sources */,
			);
			runOnlyForDeploymentPostprocessing = 0;
		};
/* End PBXSourcesBuildPhase section */

/* Begin PBXVariantGroup section */
		CD02D958230E2DFB00B468AF /* Main.storyboard */ = {
			isa = PBXVariantGroup;
			children = (
				CD02D959230E2DFB00B468AF /* Base */,
			);
			name = Main.storyboard;
			sourceTree = "<group>";
		};
		CD02D95D230E2DFD00B468AF /* LaunchScreen.storyboard */ = {
			isa = PBXVariantGroup;
			children = (
				CD02D95E230E2DFD00B468AF /* Base */,
			);
			name = LaunchScreen.storyboard;
			sourceTree = "<group>";
		};
/* End PBXVariantGroup section */

/* Begin XCBuildConfiguration section */
		CD02D963230E2DFD00B468AF /* Debug */ = {
			isa = XCBuildConfiguration;
			buildSettings = {
				ALWAYS_SEARCH_USER_PATHS = NO;
				CLANG_ANALYZER_NONNULL = YES;
				CLANG_ANALYZER_NUMBER_OBJECT_CONVERSION = YES_AGGRESSIVE;
				CLANG_CXX_LANGUAGE_STANDARD = "gnu++14";
				CLANG_CXX_LIBRARY = "libc++";
				CLANG_ENABLE_MODULES = YES;
				CLANG_ENABLE_OBJC_ARC = YES;
				CLANG_ENABLE_OBJC_WEAK = YES;
				CLANG_WARN_BLOCK_CAPTURE_AUTORELEASING = YES;
				CLANG_WARN_BOOL_CONVERSION = YES;
				CLANG_WARN_COMMA = YES;
				CLANG_WARN_CONSTANT_CONVERSION = YES;
				CLANG_WARN_DEPRECATED_OBJC_IMPLEMENTATIONS = YES;
				CLANG_WARN_DIRECT_OBJC_ISA_USAGE = YES_ERROR;
				CLANG_WARN_DOCUMENTATION_COMMENTS = YES;
				CLANG_WARN_EMPTY_BODY = YES;
				CLANG_WARN_ENUM_CONVERSION = YES;
				CLANG_WARN_INFINITE_RECURSION = YES;
				CLANG_WARN_INT_CONVERSION = YES;
				CLANG_WARN_NON_LITERAL_NULL_CONVERSION = YES;
				CLANG_WARN_OBJC_IMPLICIT_RETAIN_SELF = YES;
				CLANG_WARN_OBJC_LITERAL_CONVERSION = YES;
				CLANG_WARN_OBJC_ROOT_CLASS = YES_ERROR;
				CLANG_WARN_RANGE_LOOP_ANALYSIS = YES;
				CLANG_WARN_STRICT_PROTOTYPES = YES;
				CLANG_WARN_SUSPICIOUS_MOVE = YES;
				CLANG_WARN_UNGUARDED_AVAILABILITY = YES_AGGRESSIVE;
				CLANG_WARN_UNREACHABLE_CODE = YES;
				CLANG_WARN__DUPLICATE_METHOD_MATCH = YES;
				CODE_SIGN_IDENTITY = "iPhone Developer";
				COPY_PHASE_STRIP = NO;
				DEBUG_INFORMATION_FORMAT = dwarf;
				ENABLE_STRICT_OBJC_MSGSEND = YES;
				ENABLE_TESTABILITY = YES;
				GCC_C_LANGUAGE_STANDARD = gnu11;
				GCC_DYNAMIC_NO_PIC = NO;
				GCC_NO_COMMON_BLOCKS = YES;
				GCC_OPTIMIZATION_LEVEL = 0;
				GCC_PREPROCESSOR_DEFINITIONS = (
					"DEBUG=1",
					"$(inherited)",
				);
				GCC_WARN_64_TO_32_BIT_CONVERSION = YES;
				GCC_WARN_ABOUT_RETURN_TYPE = YES_ERROR;
				GCC_WARN_UNDECLARED_SELECTOR = YES;
				GCC_WARN_UNINITIALIZED_AUTOS = YES_AGGRESSIVE;
				GCC_WARN_UNUSED_FUNCTION = YES;
				GCC_WARN_UNUSED_VARIABLE = YES;
				IPHONEOS_DEPLOYMENT_TARGET = 12.2;
				MTL_ENABLE_DEBUG_INFO = INCLUDE_SOURCE;
				MTL_FAST_MATH = YES;
				ONLY_ACTIVE_ARCH = YES;
				SDKROOT = iphoneos;
			};
			name = Debug;
		};
		CD02D964230E2DFD00B468AF /* Release */ = {
			isa = XCBuildConfiguration;
			buildSettings = {
				ALWAYS_SEARCH_USER_PATHS = NO;
				CLANG_ANALYZER_NONNULL = YES;
				CLANG_ANALYZER_NUMBER_OBJECT_CONVERSION = YES_AGGRESSIVE;
				CLANG_CXX_LANGUAGE_STANDARD = "gnu++14";
				CLANG_CXX_LIBRARY = "libc++";
				CLANG_ENABLE_MODULES = YES;
				CLANG_ENABLE_OBJC_ARC = YES;
				CLANG_ENABLE_OBJC_WEAK = YES;
				CLANG_WARN_BLOCK_CAPTURE_AUTORELEASING = YES;
				CLANG_WARN_BOOL_CONVERSION = YES;
				CLANG_WARN_COMMA = YES;
				CLANG_WARN_CONSTANT_CONVERSION = YES;
				CLANG_WARN_DEPRECATED_OBJC_IMPLEMENTATIONS = YES;
				CLANG_WARN_DIRECT_OBJC_ISA_USAGE = YES_ERROR;
				CLANG_WARN_DOCUMENTATION_COMMENTS = YES;
				CLANG_WARN_EMPTY_BODY = YES;
				CLANG_WARN_ENUM_CONVERSION = YES;
				CLANG_WARN_INFINITE_RECURSION = YES;
				CLANG_WARN_INT_CONVERSION = YES;
				CLANG_WARN_NON_LITERAL_NULL_CONVERSION = YES;
				CLANG_WARN_OBJC_IMPLICIT_RETAIN_SELF = YES;
				CLANG_WARN_OBJC_LITERAL_CONVERSION = YES;
				CLANG_WARN_OBJC_ROOT_CLASS = YES_ERROR;
				CLANG_WARN_RANGE_LOOP_ANALYSIS = YES;
				CLANG_WARN_STRICT_PROTOTYPES = YES;
				CLANG_WARN_SUSPICIOUS_MOVE = YES;
				CLANG_WARN_UNGUARDED_AVAILABILITY = YES_AGGRESSIVE;
				CLANG_WARN_UNREACHABLE_CODE = YES;
				CLANG_WARN__DUPLICATE_METHOD_MATCH = YES;
				CODE_SIGN_IDENTITY = "iPhone Developer";
				COPY_PHASE_STRIP = NO;
				DEBUG_INFORMATION_FORMAT = "dwarf-with-dsym";
				ENABLE_NS_ASSERTIONS = NO;
				ENABLE_STRICT_OBJC_MSGSEND = YES;
				GCC_C_LANGUAGE_STANDARD = gnu11;
				GCC_NO_COMMON_BLOCKS = YES;
				GCC_WARN_64_TO_32_BIT_CONVERSION = YES;
				GCC_WARN_ABOUT_RETURN_TYPE = YES_ERROR;
				GCC_WARN_UNDECLARED_SELECTOR = YES;
				GCC_WARN_UNINITIALIZED_AUTOS = YES_AGGRESSIVE;
				GCC_WARN_UNUSED_FUNCTION = YES;
				GCC_WARN_UNUSED_VARIABLE = YES;
				IPHONEOS_DEPLOYMENT_TARGET = 12.2;
				MTL_ENABLE_DEBUG_INFO = NO;
				MTL_FAST_MATH = YES;
				SDKROOT = iphoneos;
				VALIDATE_PRODUCT = YES;
			};
			name = Release;
		};
		CD02D966230E2DFD00B468AF /* Debug */ = {
			isa = XCBuildConfiguration;
			baseConfigurationReference = 06B09184A02257D0907C2700 /* Pods-ZPFRequestKit.debug.xcconfig */;
			buildSettings = {
				ASSETCATALOG_COMPILER_APPICON_NAME = AppIcon;
				CODE_SIGN_STYLE = Automatic;
				DEVELOPMENT_TEAM = J6U26YSF9S;
				INFOPLIST_FILE = ZPFRequestKit/Info.plist;
				LD_RUNPATH_SEARCH_PATHS = (
					"$(inherited)",
					"@executable_path/Frameworks",
				);
				PRODUCT_BUNDLE_IDENTIFIER = com.fcar.ZPFRequestKit;
				PRODUCT_NAME = "$(TARGET_NAME)";
				TARGETED_DEVICE_FAMILY = "1,2";
			};
			name = Debug;
		};
		CD02D967230E2DFD00B468AF /* Release */ = {
			isa = XCBuildConfiguration;
			baseConfigurationReference = B3758D7545B05296933C91F5 /* Pods-ZPFRequestKit.release.xcconfig */;
			buildSettings = {
				ASSETCATALOG_COMPILER_APPICON_NAME = AppIcon;
				CODE_SIGN_STYLE = Automatic;
				DEVELOPMENT_TEAM = J6U26YSF9S;
				INFOPLIST_FILE = ZPFRequestKit/Info.plist;
				LD_RUNPATH_SEARCH_PATHS = (
					"$(inherited)",
					"@executable_path/Frameworks",
				);
				PRODUCT_BUNDLE_IDENTIFIER = com.fcar.ZPFRequestKit;
				PRODUCT_NAME = "$(TARGET_NAME)";
				TARGETED_DEVICE_FAMILY = "1,2";
			};
			name = Release;
		};
/* End XCBuildConfiguration section */

/* Begin XCConfigurationList section */
		CD02D94A230E2DFB00B468AF /* Build configuration list for PBXProject "ZPFRequestKit" */ = {
			isa = XCConfigurationList;
			buildConfigurations = (
				CD02D963230E2DFD00B468AF /* Debug */,
				CD02D964230E2DFD00B468AF /* Release */,
			);
			defaultConfigurationIsVisible = 0;
			defaultConfigurationName = Release;
		};
		CD02D965230E2DFD00B468AF /* Build configuration list for PBXNativeTarget "ZPFRequestKit" */ = {
			isa = XCConfigurationList;
			buildConfigurations = (
				CD02D966230E2DFD00B468AF /* Debug */,
				CD02D967230E2DFD00B468AF /* Release */,
			);
			defaultConfigurationIsVisible = 0;
			defaultConfigurationName = Release;
		};
/* End XCConfigurationList section */
	};
	rootObject = CD02D947230E2DFB00B468AF /* Project object */;
}
